<?xml version="1.0" encoding="utf-8"?>
<Project ToolsVersion="4.0" xmlns="http://schemas.microsoft.com/developer/msbuild/2003">
  <ItemGroup>
    <Filter Include="源文件">
      <UniqueIdentifier>{4FC737F1-C7A5-4376-A066-2A32D752A2FF}</UniqueIdentifier>
      <Extensions>cpp;c;cc;cxx;def;odl;idl;hpj;bat;asm;asmx</Extensions>
    </Filter>
    <Filter Include="头文件">
      <UniqueIdentifier>{93995380-89BD-4b04-88EB-625FBE52EBFB}</UniqueIdentifier>
      <Extensions>h;hh;hpp;hxx;hm;inl;inc;xsd</Extensions>
    </Filter>
    <Filter Include="资源文件">
      <UniqueIdentifier>{67DA6AB6-F800-4c08-8B7A-83BB121AAD01}</UniqueIdentifier>
      <Extensions>rc;ico;cur;bmp;dlg;rc2;rct;bin;rgs;gif;jpg;jpeg;jpe;resx;tiff;tif;png;wav;mfcribbon-ms</Extensions>
    </Filter>
  </ItemGroup>
  <ItemGroup>
    <Text Include="ReadMe.txt" />
  </ItemGroup>
  <ItemGroup>
    <ClInclude Include="stdafx.h">
      <Filter>头文件</Filter>
    </ClInclude>
    <ClInclude Include="targetver.h">
      <Filter>头文件</Filter>
    </ClInclude>
    <ClInclude Include="resource.h">
      <Filter>头文件</Filter>
    </ClInclude>
    <ClInclude Include="Problem.h">
      <Filter>头文件</Filter>
    </ClInclude>
    <ClInclude Include="Customer.h">
      <Filter>头文件</Filter>
    </ClInclude>
    <ClInclude Include="Solution.h">
      <Filter>头文件</Filter>
    </ClInclude>
    <ClInclude Include="Columns.h">
      <Filter>头文件</Filter>
    </ClInclude>
    <ClInclude Include="RMP.h">
      <Filter>头文件</Filter>
    </ClInclude>
    <ClInclude Include="Initialization.h">
      <Filter>头文件</Filter>
    </ClInclude>
    <ClInclude Include="Subproblem.h">
      <Filter>头文件</Filter>
    </ClInclude>
    <ClInclude Include="Utility.h">
      <Filter>头文件</Filter>
    </ClInclude>
    <ClInclude Include="Conf.h">
      <Filter>头文件</Filter>
    </ClInclude>
    <ClInclude Include="Vehicle.h">
      <Filter>头文件</Filter>
    </ClInclude>
    <ClInclude Include="Input.h">
      <Filter>头文件</Filter>
    </ClInclude>
    <ClInclude Include="Output.h">
      <Filter>头文件</Filter>
    </ClInclude>
    <ClInclude Include="ColumnPool.h">
      <Filter>头文件</Filter>
    </ClInclude>
    <ClInclude Include="Column_Generation.h">
      <Filter>头文件</Filter>
    </ClInclude>
    <ClInclude Include="Cpelx_object.h">
      <Filter>头文件</Filter>
    </ClInclude>
    <ClInclude Include="BranchABound.h">
      <Filter>头文件</Filter>
    </ClInclude>
    <ClInclude Include="Cut.h">
      <Filter>头文件</Filter>
    </ClInclude>
  </ItemGroup>
  <ItemGroup>
    <ClCompile Include="stdafx.cpp">
      <Filter>源文件</Filter>
    </ClCompile>
    <ClCompile Include="Standard column generation for MDVRPTW.cpp">
      <Filter>源文件</Filter>
    </ClCompile>
    <ClCompile Include="Problem.cpp">
      <Filter>源文件</Filter>
    </ClCompile>
    <ClCompile Include="Customer.cpp">
      <Filter>源文件</Filter>
    </ClCompile>
    <ClCompile Include="Solution.cpp">
      <Filter>源文件</Filter>
    </ClCompile>
    <ClCompile Include="Columns.cpp">
      <Filter>源文件</Filter>
    </ClCompile>
    <ClCompile Include="RMP.cpp">
      <Filter>源文件</Filter>
    </ClCompile>
    <ClCompile Include="Initialization.cpp">
      <Filter>源文件</Filter>
    </ClCompile>
    <ClCompile Include="Subproblem.cpp">
      <Filter>源文件</Filter>
    </ClCompile>
    <ClCompile Include="Utility.cpp">
      <Filter>源文件</Filter>
    </ClCompile>
    <ClCompile Include="Conf.cpp">
      <Filter>源文件</Filter>
    </ClCompile>
    <ClCompile Include="Vehicle.cpp">
      <Filter>源文件</Filter>
    </ClCompile>
    <ClCompile Include="Input.cpp">
      <Filter>源文件</Filter>
    </ClCompile>
    <ClCompile Include="Output.cpp">
      <Filter>源文件</Filter>
    </ClCompile>
    <ClCompile Include="ColumnPool.cpp">
      <Filter>源文件</Filter>
    </ClCompile>
    <ClCompile Include="Column_Generation.cpp">
      <Filter>源文件</Filter>
    </ClCompile>
    <ClCompile Include="Cpelx_object.cpp">
      <Filter>源文件</Filter>
    </ClCompile>
    <ClCompile Include="BranchABound.cpp">
      <Filter>源文件</Filter>
    </ClCompile>
    <ClCompile Include="Cut.cpp">
      <Filter>源文件</Filter>
    </ClCompile>
  </ItemGroup>
  <ItemGroup>
    <ResourceCompile Include="Standard column generation for MDVRPTW.rc">
      <Filter>资源文件</Filter>
    </ResourceCompile>
  </ItemGroup>
</Project>